// !$*UTF8*$!
{
	archiveVersion = 1;
	classes = {
	};
	objectVersion = 50;
	objects = {

/* Begin PBXBuildFile section */
		375F437E22BB0A86000F6314 /* AppDelegate.swift in Sources */ = {isa = PBXBuildFile; fileRef = 375F437D22BB0A86000F6314 /* AppDelegate.swift */; };
		375F438022BB0A86000F6314 /* GameScene.sks in Resources */ = {isa = PBXBuildFile; fileRef = 375F437F22BB0A86000F6314 /* GameScene.sks */; };
		375F438222BB0A86000F6314 /* Actions.sks in Resources */ = {isa = PBXBuildFile; fileRef = 375F438122BB0A86000F6314 /* Actions.sks */; };
		375F438422BB0A86000F6314 /* GameScene.swift in Sources */ = {isa = PBXBuildFile; fileRef = 375F438322BB0A86000F6314 /* GameScene.swift */; };
		375F438622BB0A86000F6314 /* GameViewController.swift in Sources */ = {isa = PBXBuildFile; fileRef = 375F438522BB0A86000F6314 /* GameViewController.swift */; };
		375F438922BB0A86000F6314 /* Main.storyboard in Resources */ = {isa = PBXBuildFile; fileRef = 375F438722BB0A86000F6314 /* Main.storyboard */; };
		375F438B22BB0A87000F6314 /* Assets.xcassets in Resources */ = {isa = PBXBuildFile; fileRef = 375F438A22BB0A87000F6314 /* Assets.xcassets */; };
		375F438E22BB0A87000F6314 /* LaunchScreen.storyboard in Resources */ = {isa = PBXBuildFile; fileRef = 375F438C22BB0A87000F6314 /* LaunchScreen.storyboard */; };

		9F8EB05222BC445300288E7A /* MyUtils.swift in Sources */ = {isa = PBXBuildFile; fileRef = 9F8EB05122BC445300288E7A /* MyUtils.swift */; };

		37767B4122BB9C4900D85087 /* SKColor+Extensions.swift in Sources */ = {isa = PBXBuildFile; fileRef = 37767B3522BB9C4900D85087 /* SKColor+Extensions.swift */; };
		37767B4222BB9C4900D85087 /* CGVector+Extensions.swift in Sources */ = {isa = PBXBuildFile; fileRef = 37767B3622BB9C4900D85087 /* CGVector+Extensions.swift */; };
		37767B4322BB9C4900D85087 /* Int+Extensions.swift in Sources */ = {isa = PBXBuildFile; fileRef = 37767B3722BB9C4900D85087 /* Int+Extensions.swift */; };
		37767B4422BB9C4900D85087 /* SKTTimingFunctions.swift in Sources */ = {isa = PBXBuildFile; fileRef = 37767B3822BB9C4900D85087 /* SKTTimingFunctions.swift */; };
		37767B4522BB9C4900D85087 /* SKAction+Extensions.swift in Sources */ = {isa = PBXBuildFile; fileRef = 37767B3922BB9C4900D85087 /* SKAction+Extensions.swift */; };
		37767B4622BB9C4900D85087 /* SKAction+SpecialEffects.swift in Sources */ = {isa = PBXBuildFile; fileRef = 37767B3A22BB9C4900D85087 /* SKAction+SpecialEffects.swift */; };
		37767B4722BB9C4900D85087 /* SKNode+Extensions.swift in Sources */ = {isa = PBXBuildFile; fileRef = 37767B3B22BB9C4900D85087 /* SKNode+Extensions.swift */; };
		37767B4822BB9C4900D85087 /* CGPoint+Extensions.swift in Sources */ = {isa = PBXBuildFile; fileRef = 37767B3C22BB9C4900D85087 /* CGPoint+Extensions.swift */; };
		37767B4922BB9C4900D85087 /* SKTEffects.swift in Sources */ = {isa = PBXBuildFile; fileRef = 37767B3D22BB9C4900D85087 /* SKTEffects.swift */; };
		37767B4A22BB9C4900D85087 /* SKTAudio.swift in Sources */ = {isa = PBXBuildFile; fileRef = 37767B3E22BB9C4900D85087 /* SKTAudio.swift */; };
		37767B4B22BB9C4900D85087 /* Vector3.swift in Sources */ = {isa = PBXBuildFile; fileRef = 37767B3F22BB9C4900D85087 /* Vector3.swift */; };
		37767B4C22BB9C4900D85087 /* CGFloat+Extensions.swift in Sources */ = {isa = PBXBuildFile; fileRef = 37767B4022BB9C4900D85087 /* CGFloat+Extensions.swift */; };

/* End PBXBuildFile section */

/* Begin PBXFileReference section */
		375F437A22BB0A86000F6314 /* OnCominTrafficDeluxx.app */ = {isa = PBXFileReference; explicitFileType = wrapper.application; includeInIndex = 0; path = OnCominTrafficDeluxx.app; sourceTree = BUILT_PRODUCTS_DIR; };
		375F437D22BB0A86000F6314 /* AppDelegate.swift */ = {isa = PBXFileReference; lastKnownFileType = sourcecode.swift; path = AppDelegate.swift; sourceTree = "<group>"; };
		375F437F22BB0A86000F6314 /* GameScene.sks */ = {isa = PBXFileReference; lastKnownFileType = file.sks; path = GameScene.sks; sourceTree = "<group>"; };
		375F438122BB0A86000F6314 /* Actions.sks */ = {isa = PBXFileReference; lastKnownFileType = file.sks; path = Actions.sks; sourceTree = "<group>"; };
		375F438322BB0A86000F6314 /* GameScene.swift */ = {isa = PBXFileReference; lastKnownFileType = sourcecode.swift; path = GameScene.swift; sourceTree = "<group>"; };
		375F438522BB0A86000F6314 /* GameViewController.swift */ = {isa = PBXFileReference; lastKnownFileType = sourcecode.swift; path = GameViewController.swift; sourceTree = "<group>"; };
		375F438822BB0A86000F6314 /* Base */ = {isa = PBXFileReference; lastKnownFileType = file.storyboard; name = Base; path = Base.lproj/Main.storyboard; sourceTree = "<group>"; };
		375F438A22BB0A87000F6314 /* Assets.xcassets */ = {isa = PBXFileReference; lastKnownFileType = folder.assetcatalog; path = Assets.xcassets; sourceTree = "<group>"; };
		375F438D22BB0A87000F6314 /* Base */ = {isa = PBXFileReference; lastKnownFileType = file.storyboard; name = Base; path = Base.lproj/LaunchScreen.storyboard; sourceTree = "<group>"; };
		375F438F22BB0A87000F6314 /* Info.plist */ = {isa = PBXFileReference; lastKnownFileType = text.plist.xml; path = Info.plist; sourceTree = "<group>"; };

		9F8EB05122BC445300288E7A /* MyUtils.swift */ = {isa = PBXFileReference; lastKnownFileType = sourcecode.swift; path = MyUtils.swift; sourceTree = "<group>"; };

		37767B3522BB9C4900D85087 /* SKColor+Extensions.swift */ = {isa = PBXFileReference; fileEncoding = 4; lastKnownFileType = sourcecode.swift; path = "SKColor+Extensions.swift"; sourceTree = "<group>"; };
		37767B3622BB9C4900D85087 /* CGVector+Extensions.swift */ = {isa = PBXFileReference; fileEncoding = 4; lastKnownFileType = sourcecode.swift; path = "CGVector+Extensions.swift"; sourceTree = "<group>"; };
		37767B3722BB9C4900D85087 /* Int+Extensions.swift */ = {isa = PBXFileReference; fileEncoding = 4; lastKnownFileType = sourcecode.swift; path = "Int+Extensions.swift"; sourceTree = "<group>"; };
		37767B3822BB9C4900D85087 /* SKTTimingFunctions.swift */ = {isa = PBXFileReference; fileEncoding = 4; lastKnownFileType = sourcecode.swift; path = SKTTimingFunctions.swift; sourceTree = "<group>"; };
		37767B3922BB9C4900D85087 /* SKAction+Extensions.swift */ = {isa = PBXFileReference; fileEncoding = 4; lastKnownFileType = sourcecode.swift; path = "SKAction+Extensions.swift"; sourceTree = "<group>"; };
		37767B3A22BB9C4900D85087 /* SKAction+SpecialEffects.swift */ = {isa = PBXFileReference; fileEncoding = 4; lastKnownFileType = sourcecode.swift; path = "SKAction+SpecialEffects.swift"; sourceTree = "<group>"; };
		37767B3B22BB9C4900D85087 /* SKNode+Extensions.swift */ = {isa = PBXFileReference; fileEncoding = 4; lastKnownFileType = sourcecode.swift; path = "SKNode+Extensions.swift"; sourceTree = "<group>"; };
		37767B3C22BB9C4900D85087 /* CGPoint+Extensions.swift */ = {isa = PBXFileReference; fileEncoding = 4; lastKnownFileType = sourcecode.swift; path = "CGPoint+Extensions.swift"; sourceTree = "<group>"; };
		37767B3D22BB9C4900D85087 /* SKTEffects.swift */ = {isa = PBXFileReference; fileEncoding = 4; lastKnownFileType = sourcecode.swift; path = SKTEffects.swift; sourceTree = "<group>"; };
		37767B3E22BB9C4900D85087 /* SKTAudio.swift */ = {isa = PBXFileReference; fileEncoding = 4; lastKnownFileType = sourcecode.swift; path = SKTAudio.swift; sourceTree = "<group>"; };
		37767B3F22BB9C4900D85087 /* Vector3.swift */ = {isa = PBXFileReference; fileEncoding = 4; lastKnownFileType = sourcecode.swift; path = Vector3.swift; sourceTree = "<group>"; };
		37767B4022BB9C4900D85087 /* CGFloat+Extensions.swift */ = {isa = PBXFileReference; fileEncoding = 4; lastKnownFileType = sourcecode.swift; path = "CGFloat+Extensions.swift"; sourceTree = "<group>"; };

/* End PBXFileReference section */

/* Begin PBXFrameworksBuildPhase section */
		375F437722BB0A86000F6314 /* Frameworks */ = {
			isa = PBXFrameworksBuildPhase;
			buildActionMask = 2147483647;
			files = (
			);
			runOnlyForDeploymentPostprocessing = 0;
		};
/* End PBXFrameworksBuildPhase section */

/* Begin PBXGroup section */
		375F437122BB0A86000F6314 = {
			isa = PBXGroup;
			children = (
				375F437C22BB0A86000F6314 /* OnCominTrafficDeluxx */,
				375F437B22BB0A86000F6314 /* Products */,
			);
			sourceTree = "<group>";
		};
		375F437B22BB0A86000F6314 /* Products */ = {
			isa = PBXGroup;
			children = (
				375F437A22BB0A86000F6314 /* OnCominTrafficDeluxx.app */,
			);
			name = Products;
			sourceTree = "<group>";
		};
		375F437C22BB0A86000F6314 /* OnCominTrafficDeluxx */ = {
			isa = PBXGroup;
			children = (
				375F437D22BB0A86000F6314 /* AppDelegate.swift */,
				375F437F22BB0A86000F6314 /* GameScene.sks */,
				375F438122BB0A86000F6314 /* Actions.sks */,
				375F438322BB0A86000F6314 /* GameScene.swift */,
				375F438522BB0A86000F6314 /* GameViewController.swift */,
				37767B3422BB9C4900D85087 /* SKTUtils */,
				375F438722BB0A86000F6314 /* Main.storyboard */,
				375F438A22BB0A87000F6314 /* Assets.xcassets */,
				375F438C22BB0A87000F6314 /* LaunchScreen.storyboard */,
				375F438F22BB0A87000F6314 /* Info.plist */,
				9F8EB05122BC445300288E7A /* MyUtils.swift */,
			);
			path = OnCominTrafficDeluxx;
			sourceTree = "<group>";
		};
		37767B3422BB9C4900D85087 /* SKTUtils */ = {
			isa = PBXGroup;
			children = (
				37767B3522BB9C4900D85087 /* SKColor+Extensions.swift */,
				37767B3622BB9C4900D85087 /* CGVector+Extensions.swift */,
				37767B3722BB9C4900D85087 /* Int+Extensions.swift */,
				37767B3822BB9C4900D85087 /* SKTTimingFunctions.swift */,
				37767B3922BB9C4900D85087 /* SKAction+Extensions.swift */,
				37767B3A22BB9C4900D85087 /* SKAction+SpecialEffects.swift */,
				37767B3B22BB9C4900D85087 /* SKNode+Extensions.swift */,
				37767B3C22BB9C4900D85087 /* CGPoint+Extensions.swift */,
				37767B3D22BB9C4900D85087 /* SKTEffects.swift */,
				37767B3E22BB9C4900D85087 /* SKTAudio.swift */,
				37767B3F22BB9C4900D85087 /* Vector3.swift */,
				37767B4022BB9C4900D85087 /* CGFloat+Extensions.swift */,
			);
			path = SKTUtils;
			sourceTree = "<group>";
		};
/* End PBXGroup section */

/* Begin PBXNativeTarget section */
		375F437922BB0A86000F6314 /* OnCominTrafficDeluxx */ = {
			isa = PBXNativeTarget;
			buildConfigurationList = 375F439222BB0A87000F6314 /* Build configuration list for PBXNativeTarget "OnCominTrafficDeluxx" */;
			buildPhases = (
				375F437622BB0A86000F6314 /* Sources */,
				375F437722BB0A86000F6314 /* Frameworks */,
				375F437822BB0A86000F6314 /* Resources */,
			);
			buildRules = (
			);
			dependencies = (
			);
			name = OnCominTrafficDeluxx;
			productName = OnCominTrafficDeluxx;
			productReference = 375F437A22BB0A86000F6314 /* OnCominTrafficDeluxx.app */;
			productType = "com.apple.product-type.application";
		};
/* End PBXNativeTarget section */

/* Begin PBXProject section */
		375F437222BB0A86000F6314 /* Project object */ = {
			isa = PBXProject;
			attributes = {
				LastSwiftUpdateCheck = 1020;
				LastUpgradeCheck = 1020;
				ORGANIZATIONNAME = "Mike Morra";
				TargetAttributes = {
					375F437922BB0A86000F6314 = {
						CreatedOnToolsVersion = 10.2.1;
					};
				};
			};
			buildConfigurationList = 375F437522BB0A86000F6314 /* Build configuration list for PBXProject "OnCominTrafficDeluxx" */;
			compatibilityVersion = "Xcode 9.3";
			developmentRegion = en;
			hasScannedForEncodings = 0;
			knownRegions = (
				en,
				Base,
			);
			mainGroup = 375F437122BB0A86000F6314;
			productRefGroup = 375F437B22BB0A86000F6314 /* Products */;
			projectDirPath = "";
			projectRoot = "";
			targets = (
				375F437922BB0A86000F6314 /* OnCominTrafficDeluxx */,
			);
		};
/* End PBXProject section */

/* Begin PBXResourcesBuildPhase section */
		375F437822BB0A86000F6314 /* Resources */ = {
			isa = PBXResourcesBuildPhase;
			buildActionMask = 2147483647;
			files = (
				375F438922BB0A86000F6314 /* Main.storyboard in Resources */,
				375F438022BB0A86000F6314 /* GameScene.sks in Resources */,
				375F438B22BB0A87000F6314 /* Assets.xcassets in Resources */,
				375F438E22BB0A87000F6314 /* LaunchScreen.storyboard in Resources */,
				375F438222BB0A86000F6314 /* Actions.sks in Resources */,
			);
			runOnlyForDeploymentPostprocessing = 0;
		};
/* End PBXResourcesBuildPhase section */

/* Begin PBXSourcesBuildPhase section */
		375F437622BB0A86000F6314 /* Sources */ = {
			isa = PBXSourcesBuildPhase;
			buildActionMask = 2147483647;
			files = (
				37767B4222BB9C4900D85087 /* CGVector+Extensions.swift in Sources */,
				37767B4C22BB9C4900D85087 /* CGFloat+Extensions.swift in Sources */,
				37767B4922BB9C4900D85087 /* SKTEffects.swift in Sources */,
				375F438422BB0A86000F6314 /* GameScene.swift in Sources */,
				37767B4622BB9C4900D85087 /* SKAction+SpecialEffects.swift in Sources */,
				37767B4A22BB9C4900D85087 /* SKTAudio.swift in Sources */,
				37767B4422BB9C4900D85087 /* SKTTimingFunctions.swift in Sources */,
				37767B4B22BB9C4900D85087 /* Vector3.swift in Sources */,
				37767B4522BB9C4900D85087 /* SKAction+Extensions.swift in Sources */,
				375F438622BB0A86000F6314 /* GameViewController.swift in Sources */,
				37767B4322BB9C4900D85087 /* Int+Extensions.swift in Sources */,
				37767B4822BB9C4900D85087 /* CGPoint+Extensions.swift in Sources */,
				37767B4722BB9C4900D85087 /* SKNode+Extensions.swift in Sources */,
				375F437E22BB0A86000F6314 /* AppDelegate.swift in Sources */,

				9F8EB05222BC445300288E7A /* MyUtils.swift in Sources */,

				37767B4122BB9C4900D85087 /* SKColor+Extensions.swift in Sources */,

			);
			runOnlyForDeploymentPostprocessing = 0;
		};
/* End PBXSourcesBuildPhase section */

/* Begin PBXVariantGroup section */
		375F438722BB0A86000F6314 /* Main.storyboard */ = {
			isa = PBXVariantGroup;
			children = (
				375F438822BB0A86000F6314 /* Base */,
			);
			name = Main.storyboard;
			sourceTree = "<group>";
		};
		375F438C22BB0A87000F6314 /* LaunchScreen.storyboard */ = {
			isa = PBXVariantGroup;
			children = (
				375F438D22BB0A87000F6314 /* Base */,
			);
			name = LaunchScreen.storyboard;
			sourceTree = "<group>";
		};
/* End PBXVariantGroup section */

/* Begin XCBuildConfiguration section */
		375F439022BB0A87000F6314 /* Debug */ = {
			isa = XCBuildConfiguration;
			buildSettings = {
				ALWAYS_SEARCH_USER_PATHS = NO;
				CLANG_ANALYZER_NONNULL = YES;
				CLANG_ANALYZER_NUMBER_OBJECT_CONVERSION = YES_AGGRESSIVE;
				CLANG_CXX_LANGUAGE_STANDARD = "gnu++14";
				CLANG_CXX_LIBRARY = "libc++";
				CLANG_ENABLE_MODULES = YES;
				CLANG_ENABLE_OBJC_ARC = YES;
				CLANG_ENABLE_OBJC_WEAK = YES;
				CLANG_WARN_BLOCK_CAPTURE_AUTORELEASING = YES;
				CLANG_WARN_BOOL_CONVERSION = YES;
				CLANG_WARN_COMMA = YES;
				CLANG_WARN_CONSTANT_CONVERSION = YES;
				CLANG_WARN_DEPRECATED_OBJC_IMPLEMENTATIONS = YES;
				CLANG_WARN_DIRECT_OBJC_ISA_USAGE = YES_ERROR;
				CLANG_WARN_DOCUMENTATION_COMMENTS = YES;
				CLANG_WARN_EMPTY_BODY = YES;
				CLANG_WARN_ENUM_CONVERSION = YES;
				CLANG_WARN_INFINITE_RECURSION = YES;
				CLANG_WARN_INT_CONVERSION = YES;
				CLANG_WARN_NON_LITERAL_NULL_CONVERSION = YES;
				CLANG_WARN_OBJC_IMPLICIT_RETAIN_SELF = YES;
				CLANG_WARN_OBJC_LITERAL_CONVERSION = YES;
				CLANG_WARN_OBJC_ROOT_CLASS = YES_ERROR;
				CLANG_WARN_RANGE_LOOP_ANALYSIS = YES;
				CLANG_WARN_STRICT_PROTOTYPES = YES;
				CLANG_WARN_SUSPICIOUS_MOVE = YES;
				CLANG_WARN_UNGUARDED_AVAILABILITY = YES_AGGRESSIVE;
				CLANG_WARN_UNREACHABLE_CODE = YES;
				CLANG_WARN__DUPLICATE_METHOD_MATCH = YES;
				CODE_SIGN_IDENTITY = "iPhone Developer";
				COPY_PHASE_STRIP = NO;
				DEBUG_INFORMATION_FORMAT = dwarf;
				ENABLE_STRICT_OBJC_MSGSEND = YES;
				ENABLE_TESTABILITY = YES;
				GCC_C_LANGUAGE_STANDARD = gnu11;
				GCC_DYNAMIC_NO_PIC = NO;
				GCC_NO_COMMON_BLOCKS = YES;
				GCC_OPTIMIZATION_LEVEL = 0;
				GCC_PREPROCESSOR_DEFINITIONS = (
					"DEBUG=1",
					"$(inherited)",
				);
				GCC_WARN_64_TO_32_BIT_CONVERSION = YES;
				GCC_WARN_ABOUT_RETURN_TYPE = YES_ERROR;
				GCC_WARN_UNDECLARED_SELECTOR = YES;
				GCC_WARN_UNINITIALIZED_AUTOS = YES_AGGRESSIVE;
				GCC_WARN_UNUSED_FUNCTION = YES;
				GCC_WARN_UNUSED_VARIABLE = YES;
				IPHONEOS_DEPLOYMENT_TARGET = 12.2;
				MTL_ENABLE_DEBUG_INFO = INCLUDE_SOURCE;
				MTL_FAST_MATH = YES;
				ONLY_ACTIVE_ARCH = YES;
				SDKROOT = iphoneos;
				SWIFT_ACTIVE_COMPILATION_CONDITIONS = DEBUG;
				SWIFT_OPTIMIZATION_LEVEL = "-Onone";
			};
			name = Debug;
		};
		375F439122BB0A87000F6314 /* Release */ = {
			isa = XCBuildConfiguration;
			buildSettings = {
				ALWAYS_SEARCH_USER_PATHS = NO;
				CLANG_ANALYZER_NONNULL = YES;
				CLANG_ANALYZER_NUMBER_OBJECT_CONVERSION = YES_AGGRESSIVE;
				CLANG_CXX_LANGUAGE_STANDARD = "gnu++14";
				CLANG_CXX_LIBRARY = "libc++";
				CLANG_ENABLE_MODULES = YES;
				CLANG_ENABLE_OBJC_ARC = YES;
				CLANG_ENABLE_OBJC_WEAK = YES;
				CLANG_WARN_BLOCK_CAPTURE_AUTORELEASING = YES;
				CLANG_WARN_BOOL_CONVERSION = YES;
				CLANG_WARN_COMMA = YES;
				CLANG_WARN_CONSTANT_CONVERSION = YES;
				CLANG_WARN_DEPRECATED_OBJC_IMPLEMENTATIONS = YES;
				CLANG_WARN_DIRECT_OBJC_ISA_USAGE = YES_ERROR;
				CLANG_WARN_DOCUMENTATION_COMMENTS = YES;
				CLANG_WARN_EMPTY_BODY = YES;
				CLANG_WARN_ENUM_CONVERSION = YES;
				CLANG_WARN_INFINITE_RECURSION = YES;
				CLANG_WARN_INT_CONVERSION = YES;
				CLANG_WARN_NON_LITERAL_NULL_CONVERSION = YES;
				CLANG_WARN_OBJC_IMPLICIT_RETAIN_SELF = YES;
				CLANG_WARN_OBJC_LITERAL_CONVERSION = YES;
				CLANG_WARN_OBJC_ROOT_CLASS = YES_ERROR;
				CLANG_WARN_RANGE_LOOP_ANALYSIS = YES;
				CLANG_WARN_STRICT_PROTOTYPES = YES;
				CLANG_WARN_SUSPICIOUS_MOVE = YES;
				CLANG_WARN_UNGUARDED_AVAILABILITY = YES_AGGRESSIVE;
				CLANG_WARN_UNREACHABLE_CODE = YES;
				CLANG_WARN__DUPLICATE_METHOD_MATCH = YES;
				CODE_SIGN_IDENTITY = "iPhone Developer";
				COPY_PHASE_STRIP = NO;
				DEBUG_INFORMATION_FORMAT = "dwarf-with-dsym";
				ENABLE_NS_ASSERTIONS = NO;
				ENABLE_STRICT_OBJC_MSGSEND = YES;
				GCC_C_LANGUAGE_STANDARD = gnu11;
				GCC_NO_COMMON_BLOCKS = YES;
				GCC_WARN_64_TO_32_BIT_CONVERSION = YES;
				GCC_WARN_ABOUT_RETURN_TYPE = YES_ERROR;
				GCC_WARN_UNDECLARED_SELECTOR = YES;
				GCC_WARN_UNINITIALIZED_AUTOS = YES_AGGRESSIVE;
				GCC_WARN_UNUSED_FUNCTION = YES;
				GCC_WARN_UNUSED_VARIABLE = YES;
				IPHONEOS_DEPLOYMENT_TARGET = 12.2;
				MTL_ENABLE_DEBUG_INFO = NO;
				MTL_FAST_MATH = YES;
				SDKROOT = iphoneos;
				SWIFT_COMPILATION_MODE = wholemodule;
				SWIFT_OPTIMIZATION_LEVEL = "-O";
				VALIDATE_PRODUCT = YES;
			};
			name = Release;
		};
		375F439322BB0A87000F6314 /* Debug */ = {
			isa = XCBuildConfiguration;
			buildSettings = {
				ASSETCATALOG_COMPILER_APPICON_NAME = AppIcon;
				CODE_SIGN_STYLE = Automatic;
				DEVELOPMENT_TEAM = DU8QC86YUL;
				INFOPLIST_FILE = OnCominTrafficDeluxx/Info.plist;
				LD_RUNPATH_SEARCH_PATHS = (
					"$(inherited)",
					"@executable_path/Frameworks",
				);
				PRODUCT_BUNDLE_IDENTIFIER = H.O.D.OnCominTrafficDeluxx;
				PRODUCT_NAME = "$(TARGET_NAME)";
				SWIFT_VERSION = 5.0;
				TARGETED_DEVICE_FAMILY = "1,2";
			};
			name = Debug;
		};
		375F439422BB0A87000F6314 /* Release */ = {
			isa = XCBuildConfiguration;
			buildSettings = {
				ASSETCATALOG_COMPILER_APPICON_NAME = AppIcon;
				CODE_SIGN_STYLE = Automatic;
				DEVELOPMENT_TEAM = DU8QC86YUL;
				INFOPLIST_FILE = OnCominTrafficDeluxx/Info.plist;
				LD_RUNPATH_SEARCH_PATHS = (
					"$(inherited)",
					"@executable_path/Frameworks",
				);
				PRODUCT_BUNDLE_IDENTIFIER = H.O.D.OnCominTrafficDeluxx;
				PRODUCT_NAME = "$(TARGET_NAME)";
				SWIFT_VERSION = 5.0;
				TARGETED_DEVICE_FAMILY = "1,2";
			};
			name = Release;
		};
/* End XCBuildConfiguration section */

/* Begin XCConfigurationList section */
		375F437522BB0A86000F6314 /* Build configuration list for PBXProject "OnCominTrafficDeluxx" */ = {
			isa = XCConfigurationList;
			buildConfigurations = (
				375F439022BB0A87000F6314 /* Debug */,
				375F439122BB0A87000F6314 /* Release */,
			);
			defaultConfigurationIsVisible = 0;
			defaultConfigurationName = Release;
		};
		375F439222BB0A87000F6314 /* Build configuration list for PBXNativeTarget "OnCominTrafficDeluxx" */ = {
			isa = XCConfigurationList;
			buildConfigurations = (
				375F439322BB0A87000F6314 /* Debug */,
				375F439422BB0A87000F6314 /* Release */,
			);
			defaultConfigurationIsVisible = 0;
			defaultConfigurationName = Release;
		};
/* End XCConfigurationList section */
	};
	rootObject = 375F437222BB0A86000F6314 /* Project object */;
}
